
Microsoft Visual Studio Solution File, Format Version 12.00
# Visual Studio Version 17
VisualStudioVersion = 17.7.34003.232
MinimumVisualStudioVersion = 10.0.40219.1
Project("{8BC9CEB8-8B4A-11D0-8D11-00A0C91BC942}") = "pz17", "pz17\pz17.vcxproj", "{59452875-A049-4DFB-A1CF-9BBBEE3D20E7}"
EndProject
Global
	GlobalSection(SolutionConfigurationPlatforms) = preSolution
		Debug|x64 = Debug|x64
		Debug|x86 = Debug|x86
		Release|x64 = Release|x64
		Release|x86 = Release|x86
	EndGlobalSection
	GlobalSection(ProjectConfigurationPlatforms) = postSolution
		{59452875-A049-4DFB-A1CF-9BBBEE3D20E7}.Debug|x64.ActiveCfg = Debug|x64
		{59452875-A049-4DFB-A1CF-9BBBEE3D20E7}.Debug|x64.Build.0 = Debug|x64
		{59452875-A049-4DFB-A1CF-9BBBEE3D20E7}.Debug|x86.ActiveCfg = Debug|Win32
		{59452875-A049-4DFB-A1CF-9BBBEE3D20E7}.Debug|x86.Build.0 = Debug|Win32
		{59452875-A049-4DFB-A1CF-9BBBEE3D20E7}.Release|x64.ActiveCfg = Release|x64
		{59452875-A049-4DFB-A1CF-9BBBEE3D20E7}.Release|x64.Build.0 = Release|x64
		{59452875-A049-4DFB-A1CF-9BBBEE3D20E7}.Release|x86.ActiveCfg = Release|Win32
		{59452875-A049-4DFB-A1CF-9BBBEE3D20E7}.Release|x86.Build.0 = Release|Win32
	EndGlobalSection
	GlobalSection(SolutionProperties) = preSolution
		HideSolutionNode = FALSE
	EndGlobalSection
	GlobalSection(ExtensibilityGlobals) = postSolution
		SolutionGuid = {18442016-6D5D-4701-8EA4-9F21760429E6}
	EndGlobalSection
EndGlobal
